// !$*UTF8*$!
{
	archiveVersion = 1;
	classes = {
	};
	objectVersion = 46;
	objects = {

/* Begin PBXBuildFile section */
		7EFC97871BA4E04800DAA4E4 /* AppDelegate.swift in Sources */ = {isa = PBXBuildFile; fileRef = 7EFC97861BA4E04800DAA4E4 /* AppDelegate.swift */; };
		7EFC97891BA4E04800DAA4E4 /* ViewController.swift in Sources */ = {isa = PBXBuildFile; fileRef = 7EFC97881BA4E04800DAA4E4 /* ViewController.swift */; };
		7EFC978C1BA4E04800DAA4E4 /* Main.storyboard in Resources */ = {isa = PBXBuildFile; fileRef = 7EFC978A1BA4E04800DAA4E4 /* Main.storyboard */; };
		7EFC978E1BA4E04800DAA4E4 /* Assets.xcassets in Resources */ = {isa = PBXBuildFile; fileRef = 7EFC978D1BA4E04800DAA4E4 /* Assets.xcassets */; };
		7EFC97911BA4E04800DAA4E4 /* LaunchScreen.storyboard in Resources */ = {isa = PBXBuildFile; fileRef = 7EFC978F1BA4E04800DAA4E4 /* LaunchScreen.storyboard */; };
		7EFC97A11BA4EA7400DAA4E4 /* iiAutoLayout.swift in Sources */ = {isa = PBXBuildFile; fileRef = 7EFC97A01BA4EA7400DAA4E4 /* iiAutoLayout.swift */; settings = {ASSET_TAGS = (); }; };
		7EFC97A31BA4EA8D00DAA4E4 /* RandomColor.swift in Sources */ = {isa = PBXBuildFile; fileRef = 7EFC97A21BA4EA8D00DAA4E4 /* RandomColor.swift */; settings = {ASSET_TAGS = (); }; };
/* End PBXBuildFile section */

/* Begin PBXFileReference section */
		7EFC97831BA4E04800DAA4E4 /* SneakPeekScroll.app */ = {isa = PBXFileReference; explicitFileType = wrapper.application; includeInIndex = 0; path = SneakPeekScroll.app; sourceTree = BUILT_PRODUCTS_DIR; };
		7EFC97861BA4E04800DAA4E4 /* AppDelegate.swift */ = {isa = PBXFileReference; lastKnownFileType = sourcecode.swift; path = AppDelegate.swift; sourceTree = "<group>"; };
		7EFC97881BA4E04800DAA4E4 /* ViewController.swift */ = {isa = PBXFileReference; lastKnownFileType = sourcecode.swift; path = ViewController.swift; sourceTree = "<group>"; };
		7EFC978B1BA4E04800DAA4E4 /* Base */ = {isa = PBXFileReference; lastKnownFileType = file.storyboard; name = Base; path = Base.lproj/Main.storyboard; sourceTree = "<group>"; };
		7EFC978D1BA4E04800DAA4E4 /* Assets.xcassets */ = {isa = PBXFileReference; lastKnownFileType = folder.assetcatalog; path = Assets.xcassets; sourceTree = "<group>"; };
		7EFC97901BA4E04800DAA4E4 /* Base */ = {isa = PBXFileReference; lastKnownFileType = file.storyboard; name = Base; path = Base.lproj/LaunchScreen.storyboard; sourceTree = "<group>"; };
		7EFC97921BA4E04800DAA4E4 /* Info.plist */ = {isa = PBXFileReference; lastKnownFileType = text.plist.xml; path = Info.plist; sourceTree = "<group>"; };
		7EFC97A01BA4EA7400DAA4E4 /* iiAutoLayout.swift */ = {isa = PBXFileReference; fileEncoding = 4; lastKnownFileType = sourcecode.swift; path = iiAutoLayout.swift; sourceTree = "<group>"; };
		7EFC97A21BA4EA8D00DAA4E4 /* RandomColor.swift */ = {isa = PBXFileReference; fileEncoding = 4; lastKnownFileType = sourcecode.swift; path = RandomColor.swift; sourceTree = "<group>"; };
/* End PBXFileReference section */

/* Begin PBXFrameworksBuildPhase section */
		7EFC97801BA4E04800DAA4E4 /* Frameworks */ = {
			isa = PBXFrameworksBuildPhase;
			buildActionMask = 2147483647;
			files = (
			);
			runOnlyForDeploymentPostprocessing = 0;
		};
/* End PBXFrameworksBuildPhase section */

/* Begin PBXGroup section */
		7EFC977A1BA4E04800DAA4E4 = {
			isa = PBXGroup;
			children = (
				7EFC97851BA4E04800DAA4E4 /* SneakPeekScroll */,
				7EFC97841BA4E04800DAA4E4 /* Products */,
			);
			sourceTree = "<group>";
		};
		7EFC97841BA4E04800DAA4E4 /* Products */ = {
			isa = PBXGroup;
			children = (
				7EFC97831BA4E04800DAA4E4 /* SneakPeekScroll.app */,
			);
			name = Products;
			sourceTree = "<group>";
		};
		7EFC97851BA4E04800DAA4E4 /* SneakPeekScroll */ = {
			isa = PBXGroup;
			children = (
				7EFC97861BA4E04800DAA4E4 /* AppDelegate.swift */,
				7EFC97A01BA4EA7400DAA4E4 /* iiAutoLayout.swift */,
				7EFC97881BA4E04800DAA4E4 /* ViewController.swift */,
				7EFC97A21BA4EA8D00DAA4E4 /* RandomColor.swift */,
				7EFC978A1BA4E04800DAA4E4 /* Main.storyboard */,
				7EFC978D1BA4E04800DAA4E4 /* Assets.xcassets */,
				7EFC978F1BA4E04800DAA4E4 /* LaunchScreen.storyboard */,
				7EFC97921BA4E04800DAA4E4 /* Info.plist */,
			);
			path = SneakPeekScroll;
			sourceTree = "<group>";
		};
/* End PBXGroup section */

/* Begin PBXNativeTarget section */
		7EFC97821BA4E04800DAA4E4 /* SneakPeekScroll */ = {
			isa = PBXNativeTarget;
			buildConfigurationList = 7EFC97951BA4E04800DAA4E4 /* Build configuration list for PBXNativeTarget "SneakPeekScroll" */;
			buildPhases = (
				7EFC977F1BA4E04800DAA4E4 /* Sources */,
				7EFC97801BA4E04800DAA4E4 /* Frameworks */,
				7EFC97811BA4E04800DAA4E4 /* Resources */,
			);
			buildRules = (
			);
			dependencies = (
			);
			name = SneakPeekScroll;
			productName = SneakPeekScroll;
			productReference = 7EFC97831BA4E04800DAA4E4 /* SneakPeekScroll.app */;
			productType = "com.apple.product-type.application";
		};
/* End PBXNativeTarget section */

/* Begin PBXProject section */
		7EFC977B1BA4E04800DAA4E4 /* Project object */ = {
			isa = PBXProject;
			attributes = {
				LastUpgradeCheck = 0700;
				ORGANIZATIONNAME = "Evgenii Neumerzhitckii";
				TargetAttributes = {
					7EFC97821BA4E04800DAA4E4 = {
						CreatedOnToolsVersion = 7.0;
					};
				};
			};
			buildConfigurationList = 7EFC977E1BA4E04800DAA4E4 /* Build configuration list for PBXProject "SneakPeekScroll" */;
			compatibilityVersion = "Xcode 3.2";
			developmentRegion = English;
			hasScannedForEncodings = 0;
			knownRegions = (
				en,
				Base,
			);
			mainGroup = 7EFC977A1BA4E04800DAA4E4;
			productRefGroup = 7EFC97841BA4E04800DAA4E4 /* Products */;
			projectDirPath = "";
			projectRoot = "";
			targets = (
				7EFC97821BA4E04800DAA4E4 /* SneakPeekScroll */,
			);
		};
/* End PBXProject section */

/* Begin PBXResourcesBuildPhase section */
		7EFC97811BA4E04800DAA4E4 /* Resources */ = {
			isa = PBXResourcesBuildPhase;
			buildActionMask = 2147483647;
			files = (
				7EFC97911BA4E04800DAA4E4 /* LaunchScreen.storyboard in Resources */,
				7EFC978E1BA4E04800DAA4E4 /* Assets.xcassets in Resources */,
				7EFC978C1BA4E04800DAA4E4 /* Main.storyboard in Resources */,
			);
			runOnlyForDeploymentPostprocessing = 0;
		};
/* End PBXResourcesBuildPhase section */

/* Begin PBXSourcesBuildPhase section */
		7EFC977F1BA4E04800DAA4E4 /* Sources */ = {
			isa = PBXSourcesBuildPhase;
			buildActionMask = 2147483647;
			files = (
				7EFC97A31BA4EA8D00DAA4E4 /* RandomColor.swift in Sources */,
				7EFC97891BA4E04800DAA4E4 /* ViewController.swift in Sources */,
				7EFC97871BA4E04800DAA4E4 /* AppDelegate.swift in Sources */,
				7EFC97A11BA4EA7400DAA4E4 /* iiAutoLayout.swift in Sources */,
			);
			runOnlyForDeploymentPostprocessing = 0;
		};
/* End PBXSourcesBuildPhase section */

/* Begin PBXVariantGroup section */
		7EFC978A1BA4E04800DAA4E4 /* Main.storyboard */ = {
			isa = PBXVariantGroup;
			children = (
				7EFC978B1BA4E04800DAA4E4 /* Base */,
			);
			name = Main.storyboard;
			sourceTree = "<group>";
		};
		7EFC978F1BA4E04800DAA4E4 /* LaunchScreen.storyboard */ = {
			isa = PBXVariantGroup;
			children = (
				7EFC97901BA4E04800DAA4E4 /* Base */,
			);
			name = LaunchScreen.storyboard;
			sourceTree = "<group>";
		};
/* End PBXVariantGroup section */

/* Begin XCBuildConfiguration section */
		7EFC97931BA4E04800DAA4E4 /* Debug */ = {
			isa = XCBuildConfiguration;
			buildSettings = {
				ALWAYS_SEARCH_USER_PATHS = NO;
				CLANG_CXX_LANGUAGE_STANDARD = "gnu++0x";
				CLANG_CXX_LIBRARY = "libc++";
				CLANG_ENABLE_MODULES = YES;
				CLANG_ENABLE_OBJC_ARC = YES;
				CLANG_WARN_BOOL_CONVERSION = YES;
				CLANG_WARN_CONSTANT_CONVERSION = YES;
				CLANG_WARN_DIRECT_OBJC_ISA_USAGE = YES_ERROR;
				CLANG_WARN_EMPTY_BODY = YES;
				CLANG_WARN_ENUM_CONVERSION = YES;
				CLANG_WARN_INT_CONVERSION = YES;
				CLANG_WARN_OBJC_ROOT_CLASS = YES_ERROR;
				CLANG_WARN_UNREACHABLE_CODE = YES;
				CLANG_WARN__DUPLICATE_METHOD_MATCH = YES;
				"CODE_SIGN_IDENTITY[sdk=iphoneos*]" = "iPhone Developer";
				COPY_PHASE_STRIP = NO;
				DEBUG_INFORMATION_FORMAT = dwarf;
				ENABLE_STRICT_OBJC_MSGSEND = YES;
				ENABLE_TESTABILITY = YES;
				GCC_C_LANGUAGE_STANDARD = gnu99;
				GCC_DYNAMIC_NO_PIC = NO;
				GCC_NO_COMMON_BLOCKS = YES;
				GCC_OPTIMIZATION_LEVEL = 0;
				GCC_PREPROCESSOR_DEFINITIONS = (
					"DEBUG=1",
					"$(inherited)",
				);
				GCC_WARN_64_TO_32_BIT_CONVERSION = YES;
				GCC_WARN_ABOUT_RETURN_TYPE = YES_ERROR;
				GCC_WARN_UNDECLARED_SELECTOR = YES;
				GCC_WARN_UNINITIALIZED_AUTOS = YES_AGGRESSIVE;
				GCC_WARN_UNUSED_FUNCTION = YES;
				GCC_WARN_UNUSED_VARIABLE = YES;
				IPHONEOS_DEPLOYMENT_TARGET = 8.0;
				MTL_ENABLE_DEBUG_INFO = YES;
				ONLY_ACTIVE_ARCH = YES;
				SDKROOT = iphoneos;
				SWIFT_OPTIMIZATION_LEVEL = "-Onone";
				TARGETED_DEVICE_FAMILY = "1,2";
			};
			name = Debug;
		};
		7EFC97941BA4E04800DAA4E4 /* Release */ = {
			isa = XCBuildConfiguration;
			buildSettings = {
				ALWAYS_SEARCH_USER_PATHS = NO;
				CLANG_CXX_LANGUAGE_STANDARD = "gnu++0x";
				CLANG_CXX_LIBRARY = "libc++";
				CLANG_ENABLE_MODULES = YES;
				CLANG_ENABLE_OBJC_ARC = YES;
				CLANG_WARN_BOOL_CONVERSION = YES;
				CLANG_WARN_CONSTANT_CONVERSION = YES;
				CLANG_WARN_DIRECT_OBJC_ISA_USAGE = YES_ERROR;
				CLANG_WARN_EMPTY_BODY = YES;
				CLANG_WARN_ENUM_CONVERSION = YES;
				CLANG_WARN_INT_CONVERSION = YES;
				CLANG_WARN_OBJC_ROOT_CLASS = YES_ERROR;
				CLANG_WARN_UNREACHABLE_CODE = YES;
				CLANG_WARN__DUPLICATE_METHOD_MATCH = YES;
				"CODE_SIGN_IDENTITY[sdk=iphoneos*]" = "iPhone Developer";
				COPY_PHASE_STRIP = NO;
				DEBUG_INFORMATION_FORMAT = "dwarf-with-dsym";
				ENABLE_NS_ASSERTIONS = NO;
				ENABLE_STRICT_OBJC_MSGSEND = YES;
				GCC_C_LANGUAGE_STANDARD = gnu99;
				GCC_NO_COMMON_BLOCKS = YES;
				GCC_WARN_64_TO_32_BIT_CONVERSION = YES;
				GCC_WARN_ABOUT_RETURN_TYPE = YES_ERROR;
				GCC_WARN_UNDECLARED_SELECTOR = YES;
				GCC_WARN_UNINITIALIZED_AUTOS = YES_AGGRESSIVE;
				GCC_WARN_UNUSED_FUNCTION = YES;
				GCC_WARN_UNUSED_VARIABLE = YES;
				IPHONEOS_DEPLOYMENT_TARGET = 8.0;
				MTL_ENABLE_DEBUG_INFO = NO;
				SDKROOT = iphoneos;
				TARGETED_DEVICE_FAMILY = "1,2";
				VALIDATE_PRODUCT = YES;
			};
			name = Release;
		};
		7EFC97961BA4E04800DAA4E4 /* Debug */ = {
			isa = XCBuildConfiguration;
			buildSettings = {
				ASSETCATALOG_COMPILER_APPICON_NAME = AppIcon;
				INFOPLIST_FILE = SneakPeekScroll/Info.plist;
				LD_RUNPATH_SEARCH_PATHS = "$(inherited) @executable_path/Frameworks";
				PRODUCT_BUNDLE_IDENTIFIER = com.evgenii.SneakPeekScroll;
				PRODUCT_NAME = "$(TARGET_NAME)";
			};
			name = Debug;
		};
		7EFC97971BA4E04800DAA4E4 /* Release */ = {
			isa = XCBuildConfiguration;
			buildSettings = {
				ASSETCATALOG_COMPILER_APPICON_NAME = AppIcon;
				INFOPLIST_FILE = SneakPeekScroll/Info.plist;
				LD_RUNPATH_SEARCH_PATHS = "$(inherited) @executable_path/Frameworks";
				PRODUCT_BUNDLE_IDENTIFIER = com.evgenii.SneakPeekScroll;
				PRODUCT_NAME = "$(TARGET_NAME)";
			};
			name = Release;
		};
/* End XCBuildConfiguration section */

/* Begin XCConfigurationList section */
		7EFC977E1BA4E04800DAA4E4 /* Build configuration list for PBXProject "SneakPeekScroll" */ = {
			isa = XCConfigurationList;
			buildConfigurations = (
				7EFC97931BA4E04800DAA4E4 /* Debug */,
				7EFC97941BA4E04800DAA4E4 /* Release */,
			);
			defaultConfigurationIsVisible = 0;
			defaultConfigurationName = Release;
		};
		7EFC97951BA4E04800DAA4E4 /* Build configuration list for PBXNativeTarget "SneakPeekScroll" */ = {
			isa = XCConfigurationList;
			buildConfigurations = (
				7EFC97961BA4E04800DAA4E4 /* Debug */,
				7EFC97971BA4E04800DAA4E4 /* Release */,
			);
			defaultConfigurationIsVisible = 0;
		};
/* End XCConfigurationList section */
	};
	rootObject = 7EFC977B1BA4E04800DAA4E4 /* Project object */;
}
